{
  "name": "threads",
  "version": "0.0.1",
  "lockfileVersion": 1,
  "requires": true,
  "dependencies": {
    "clone-regexp": {
      "version": "1.0.1",
      "resolved": "https://registry.npmjs.org/clone-regexp/-/clone-regexp-1.0.1.tgz",
      "integrity": "sha512-Fcij9IwRW27XedRIJnSOEupS7RVcXtObJXbcUOX93UCLqqOdRpkvzKywOOSizmEK/Is3S/RHX9dLdfo6R1Q1mw==",
      "requires": {
        "is-regexp": "^1.0.0",
        "is-supported-regexp-flag": "^1.0.0"
      }
    },
    "execall": {
      "version": "1.0.0",
      "resolved": "https://registry.npmjs.org/execall/-/execall-1.0.0.tgz",
      "integrity": "sha1-c9CQTjlbPKsGWLCNCewlMH8pu3M=",
      "requires": {
        "clone-regexp": "^1.0.0"
      }
    },
    "is-regexp": {
      "version": "1.0.0",
      "resolved": "https://registry.npmjs.org/is-regexp/-/is-regexp-1.0.0.tgz",
      "integrity": "sha1-/S2INUXEa6xaYz57mgnof6LLUGk="
    },
    "is-supported-regexp-flag": {
      "version": "1.0.1",
      "resolved": "https://registry.npmjs.org/is-supported-regexp-flag/-/is-supported-regexp-flag-1.0.1.tgz",
      "integrity": "sha512-3vcJecUUrpgCqc/ca0aWeNu64UGgxcvO60K/Fkr1N6RSvfGCTU60UKN68JDmKokgba0rFFJs12EnzOQa14ubKQ=="
    },
    "parse-help": {
      "version": "1.0.0",
      "resolved": "https://registry.npmjs.org/parse-help/-/parse-help-1.0.0.tgz",
      "integrity": "sha512-dlOrbBba6Rrw/nrJ+V7/vkGZdiimWJQzMHZZrYsUq03JE8AV3fAv6kOYX7dP/w2h67lIdmRf8ES8mU44xAgE/Q==",
      "requires": {
        "execall": "^1.0.0"
      }
    }
  }
}
